
Microsoft Visual Studio Solution File, Format Version 12.00
# Visual Studio Version 17
VisualStudioVersion = 17.6.33815.320
MinimumVisualStudioVersion = 10.0.40219.1
Project("{9A19103F-16F7-4668-BE54-9A1E7A4F7556}") = "BlazorTrainungJuli229055", "BlazorTrainungJuli229055\BlazorTrainungJuli229055.csproj", "{3A244243-A411-404F-B404-B1A465E6D6B7}"
EndProject
Project("{FAE04EC0-301F-11D3-BF4B-00C04F79EFBC}") = "RazorClassLibrary1", "RazorClassLibrary1\RazorClassLibrary1.csproj", "{FB47CA9F-4921-4333-AA5E-35FD795AD85A}"
EndProject
Global
	GlobalSection(SolutionConfigurationPlatforms) = preSolution
		Debug|Any CPU = Debug|Any CPU
		Release|Any CPU = Release|Any CPU
	EndGlobalSection
	GlobalSection(ProjectConfigurationPlatforms) = postSolution
		{3A244243-A411-404F-B404-B1A465E6D6B7}.Debug|Any CPU.ActiveCfg = Debug|Any CPU
		{3A244243-A411-404F-B404-B1A465E6D6B7}.Debug|Any CPU.Build.0 = Debug|Any CPU
		{3A244243-A411-404F-B404-B1A465E6D6B7}.Release|Any CPU.ActiveCfg = Release|Any CPU
		{3A244243-A411-404F-B404-B1A465E6D6B7}.Release|Any CPU.Build.0 = Release|Any CPU
		{FB47CA9F-4921-4333-AA5E-35FD795AD85A}.Debug|Any CPU.ActiveCfg = Debug|Any CPU
		{FB47CA9F-4921-4333-AA5E-35FD795AD85A}.Debug|Any CPU.Build.0 = Debug|Any CPU
		{FB47CA9F-4921-4333-AA5E-35FD795AD85A}.Release|Any CPU.ActiveCfg = Release|Any CPU
		{FB47CA9F-4921-4333-AA5E-35FD795AD85A}.Release|Any CPU.Build.0 = Release|Any CPU
	EndGlobalSection
	GlobalSection(SolutionProperties) = preSolution
		HideSolutionNode = FALSE
	EndGlobalSection
	GlobalSection(ExtensibilityGlobals) = postSolution
		SolutionGuid = {37420481-BD99-4A20-BB1D-C0D45038D66F}
	EndGlobalSection
EndGlobal
